
Microsoft Visual Studio Solution File, Format Version 12.00
# Visual Studio Express 2013 for Web
VisualStudioVersion = 12.0.21005.1
MinimumVisualStudioVersion = 10.0.40219.1
Project("{FAE04EC0-301F-11D3-BF4B-00C04F79EFBC}") = "FastSocket.SocketBase", "FastSocket.SocketBase\FastSocket.SocketBase.csproj", "{19AC13BD-92BD-4851-A38F-5642C1F97656}"
EndProject
Project("{FAE04EC0-301F-11D3-BF4B-00C04F79EFBC}") = "FastSocket.Server", "FastSocket.Server\FastSocket.Server.csproj", "{C9433CAD-5795-4735-8DA8-76BEC4C82A52}"
EndProject
Project("{FAE04EC0-301F-11D3-BF4B-00C04F79EFBC}") = "FastSocket.Client", "FastSocket.Client\FastSocket.Client.csproj", "{6684B382-4ADB-4073-A6DB-D1BAD1621AE5}"
EndProject
Project("{2150E333-8FDC-42A3-9474-1A3956D46DE8}") = "QuickStart", "QuickStart", "{8947977D-1815-40DF-B8F3-63DD37D3A726}"
EndProject
Project("{FAE04EC0-301F-11D3-BF4B-00C04F79EFBC}") = "CommandLine", "QuickStart\CommandLine\CommandLine.csproj", "{0FCE0495-5DB8-444E-9769-D8CA34D6BAF5}"
EndProject
Project("{2150E333-8FDC-42A3-9474-1A3956D46DE8}") = "Binary", "Binary", "{774530AE-48E7-43B7-A94C-2BB73731B30B}"
EndProject
Project("{FAE04EC0-301F-11D3-BF4B-00C04F79EFBC}") = "Server", "QuickStart\Binary\Server\Server.csproj", "{891BAC50-A5F8-4E4E-8BF5-08A90D764060}"
EndProject
Project("{FAE04EC0-301F-11D3-BF4B-00C04F79EFBC}") = "Client", "QuickStart\Binary\Client\Client.csproj", "{A692797D-32EC-4735-BF3B-DB423DF62A85}"
EndProject
Project("{2150E333-8FDC-42A3-9474-1A3956D46DE8}") = "Udp", "Udp", "{E2852899-1FCF-4552-BE4B-A7EBB4C06FDC}"
EndProject
Project("{FAE04EC0-301F-11D3-BF4B-00C04F79EFBC}") = "Server", "QuickStart\Udp\Server\Server.csproj", "{856E7C72-B0F2-4B9F-AE6E-140FE644CE32}"
EndProject
Project("{FAE04EC0-301F-11D3-BF4B-00C04F79EFBC}") = "Client", "QuickStart\Udp\Client\Client.csproj", "{BA72A1A5-F973-4427-9C05-68A7B5426173}"
EndProject
Global
	GlobalSection(SolutionConfigurationPlatforms) = preSolution
		Debug|Any CPU = Debug|Any CPU
		Debug|Mixed Platforms = Debug|Mixed Platforms
		Debug|x64 = Debug|x64
		Debug|x86 = Debug|x86
		Release|Any CPU = Release|Any CPU
		Release|Mixed Platforms = Release|Mixed Platforms
		Release|x64 = Release|x64
		Release|x86 = Release|x86
	EndGlobalSection
	GlobalSection(ProjectConfigurationPlatforms) = postSolution
		{19AC13BD-92BD-4851-A38F-5642C1F97656}.Debug|Any CPU.ActiveCfg = Debug|Any CPU
		{19AC13BD-92BD-4851-A38F-5642C1F97656}.Debug|Any CPU.Build.0 = Debug|Any CPU
		{19AC13BD-92BD-4851-A38F-5642C1F97656}.Debug|Mixed Platforms.ActiveCfg = Debug|Any CPU
		{19AC13BD-92BD-4851-A38F-5642C1F97656}.Debug|Mixed Platforms.Build.0 = Debug|Any CPU
		{19AC13BD-92BD-4851-A38F-5642C1F97656}.Debug|x64.ActiveCfg = Debug|Any CPU
		{19AC13BD-92BD-4851-A38F-5642C1F97656}.Debug|x86.ActiveCfg = Debug|Any CPU
		{19AC13BD-92BD-4851-A38F-5642C1F97656}.Release|Any CPU.ActiveCfg = Release|Any CPU
		{19AC13BD-92BD-4851-A38F-5642C1F97656}.Release|Any CPU.Build.0 = Release|Any CPU
		{19AC13BD-92BD-4851-A38F-5642C1F97656}.Release|Mixed Platforms.ActiveCfg = Release|Any CPU
		{19AC13BD-92BD-4851-A38F-5642C1F97656}.Release|Mixed Platforms.Build.0 = Release|Any CPU
		{19AC13BD-92BD-4851-A38F-5642C1F97656}.Release|x64.ActiveCfg = Release|Any CPU
		{19AC13BD-92BD-4851-A38F-5642C1F97656}.Release|x86.ActiveCfg = Release|Any CPU
		{C9433CAD-5795-4735-8DA8-76BEC4C82A52}.Debug|Any CPU.ActiveCfg = Debug|Any CPU
		{C9433CAD-5795-4735-8DA8-76BEC4C82A52}.Debug|Any CPU.Build.0 = Debug|Any CPU
		{C9433CAD-5795-4735-8DA8-76BEC4C82A52}.Debug|Mixed Platforms.ActiveCfg = Debug|Any CPU
		{C9433CAD-5795-4735-8DA8-76BEC4C82A52}.Debug|Mixed Platforms.Build.0 = Debug|Any CPU
		{C9433CAD-5795-4735-8DA8-76BEC4C82A52}.Debug|x64.ActiveCfg = Debug|Any CPU
		{C9433CAD-5795-4735-8DA8-76BEC4C82A52}.Debug|x86.ActiveCfg = Debug|Any CPU
		{C9433CAD-5795-4735-8DA8-76BEC4C82A52}.Release|Any CPU.ActiveCfg = Release|Any CPU
		{C9433CAD-5795-4735-8DA8-76BEC4C82A52}.Release|Any CPU.Build.0 = Release|Any CPU
		{C9433CAD-5795-4735-8DA8-76BEC4C82A52}.Release|Mixed Platforms.ActiveCfg = Release|Any CPU
		{C9433CAD-5795-4735-8DA8-76BEC4C82A52}.Release|Mixed Platforms.Build.0 = Release|Any CPU
		{C9433CAD-5795-4735-8DA8-76BEC4C82A52}.Release|x64.ActiveCfg = Release|Any CPU
		{C9433CAD-5795-4735-8DA8-76BEC4C82A52}.Release|x86.ActiveCfg = Release|Any CPU
		{6684B382-4ADB-4073-A6DB-D1BAD1621AE5}.Debug|Any CPU.ActiveCfg = Debug|Any CPU
		{6684B382-4ADB-4073-A6DB-D1BAD1621AE5}.Debug|Any CPU.Build.0 = Debug|Any CPU
		{6684B382-4ADB-4073-A6DB-D1BAD1621AE5}.Debug|Mixed Platforms.ActiveCfg = Debug|Any CPU
		{6684B382-4ADB-4073-A6DB-D1BAD1621AE5}.Debug|Mixed Platforms.Build.0 = Debug|Any CPU
		{6684B382-4ADB-4073-A6DB-D1BAD1621AE5}.Debug|x64.ActiveCfg = Debug|Any CPU
		{6684B382-4ADB-4073-A6DB-D1BAD1621AE5}.Debug|x86.ActiveCfg = Debug|Any CPU
		{6684B382-4ADB-4073-A6DB-D1BAD1621AE5}.Release|Any CPU.ActiveCfg = Release|Any CPU
		{6684B382-4ADB-4073-A6DB-D1BAD1621AE5}.Release|Any CPU.Build.0 = Release|Any CPU
		{6684B382-4ADB-4073-A6DB-D1BAD1621AE5}.Release|Mixed Platforms.ActiveCfg = Release|Any CPU
		{6684B382-4ADB-4073-A6DB-D1BAD1621AE5}.Release|Mixed Platforms.Build.0 = Release|Any CPU
		{6684B382-4ADB-4073-A6DB-D1BAD1621AE5}.Release|x64.ActiveCfg = Release|Any CPU
		{6684B382-4ADB-4073-A6DB-D1BAD1621AE5}.Release|x86.ActiveCfg = Release|Any CPU
		{0FCE0495-5DB8-444E-9769-D8CA34D6BAF5}.Debug|Any CPU.ActiveCfg = Debug|Any CPU
		{0FCE0495-5DB8-444E-9769-D8CA34D6BAF5}.Debug|Any CPU.Build.0 = Debug|Any CPU
		{0FCE0495-5DB8-444E-9769-D8CA34D6BAF5}.Debug|Mixed Platforms.ActiveCfg = Debug|Any CPU
		{0FCE0495-5DB8-444E-9769-D8CA34D6BAF5}.Debug|Mixed Platforms.Build.0 = Debug|Any CPU
		{0FCE0495-5DB8-444E-9769-D8CA34D6BAF5}.Debug|x64.ActiveCfg = Debug|Any CPU
		{0FCE0495-5DB8-444E-9769-D8CA34D6BAF5}.Debug|x86.ActiveCfg = Debug|Any CPU
		{0FCE0495-5DB8-444E-9769-D8CA34D6BAF5}.Release|Any CPU.ActiveCfg = Release|Any CPU
		{0FCE0495-5DB8-444E-9769-D8CA34D6BAF5}.Release|Any CPU.Build.0 = Release|Any CPU
		{0FCE0495-5DB8-444E-9769-D8CA34D6BAF5}.Release|Mixed Platforms.ActiveCfg = Release|Any CPU
		{0FCE0495-5DB8-444E-9769-D8CA34D6BAF5}.Release|Mixed Platforms.Build.0 = Release|Any CPU
		{0FCE0495-5DB8-444E-9769-D8CA34D6BAF5}.Release|x64.ActiveCfg = Release|Any CPU
		{0FCE0495-5DB8-444E-9769-D8CA34D6BAF5}.Release|x86.ActiveCfg = Release|Any CPU
		{891BAC50-A5F8-4E4E-8BF5-08A90D764060}.Debug|Any CPU.ActiveCfg = Debug|Any CPU
		{891BAC50-A5F8-4E4E-8BF5-08A90D764060}.Debug|Any CPU.Build.0 = Debug|Any CPU
		{891BAC50-A5F8-4E4E-8BF5-08A90D764060}.Debug|Mixed Platforms.ActiveCfg = Debug|Any CPU
		{891BAC50-A5F8-4E4E-8BF5-08A90D764060}.Debug|Mixed Platforms.Build.0 = Debug|Any CPU
		{891BAC50-A5F8-4E4E-8BF5-08A90D764060}.Debug|x64.ActiveCfg = Debug|Any CPU
		{891BAC50-A5F8-4E4E-8BF5-08A90D764060}.Debug|x86.ActiveCfg = Debug|Any CPU
		{891BAC50-A5F8-4E4E-8BF5-08A90D764060}.Release|Any CPU.ActiveCfg = Release|Any CPU
		{891BAC50-A5F8-4E4E-8BF5-08A90D764060}.Release|Any CPU.Build.0 = Release|Any CPU
		{891BAC50-A5F8-4E4E-8BF5-08A90D764060}.Release|Mixed Platforms.ActiveCfg = Release|Any CPU
		{891BAC50-A5F8-4E4E-8BF5-08A90D764060}.Release|Mixed Platforms.Build.0 = Release|Any CPU
		{891BAC50-A5F8-4E4E-8BF5-08A90D764060}.Release|x64.ActiveCfg = Release|Any CPU
		{891BAC50-A5F8-4E4E-8BF5-08A90D764060}.Release|x86.ActiveCfg = Release|Any CPU
		{A692797D-32EC-4735-BF3B-DB423DF62A85}.Debug|Any CPU.ActiveCfg = Debug|Any CPU
		{A692797D-32EC-4735-BF3B-DB423DF62A85}.Debug|Any CPU.Build.0 = Debug|Any CPU
		{A692797D-32EC-4735-BF3B-DB423DF62A85}.Debug|Mixed Platforms.ActiveCfg = Debug|Any CPU
		{A692797D-32EC-4735-BF3B-DB423DF62A85}.Debug|Mixed Platforms.Build.0 = Debug|Any CPU
		{A692797D-32EC-4735-BF3B-DB423DF62A85}.Debug|x64.ActiveCfg = Debug|Any CPU
		{A692797D-32EC-4735-BF3B-DB423DF62A85}.Debug|x86.ActiveCfg = Debug|Any CPU
		{A692797D-32EC-4735-BF3B-DB423DF62A85}.Release|Any CPU.ActiveCfg = Release|Any CPU
		{A692797D-32EC-4735-BF3B-DB423DF62A85}.Release|Any CPU.Build.0 = Release|Any CPU
		{A692797D-32EC-4735-BF3B-DB423DF62A85}.Release|Mixed Platforms.ActiveCfg = Release|Any CPU
		{A692797D-32EC-4735-BF3B-DB423DF62A85}.Release|Mixed Platforms.Build.0 = Release|Any CPU
		{A692797D-32EC-4735-BF3B-DB423DF62A85}.Release|x64.ActiveCfg = Release|Any CPU
		{A692797D-32EC-4735-BF3B-DB423DF62A85}.Release|x86.ActiveCfg = Release|Any CPU
		{856E7C72-B0F2-4B9F-AE6E-140FE644CE32}.Debug|Any CPU.ActiveCfg = Debug|Any CPU
		{856E7C72-B0F2-4B9F-AE6E-140FE644CE32}.Debug|Any CPU.Build.0 = Debug|Any CPU
		{856E7C72-B0F2-4B9F-AE6E-140FE644CE32}.Debug|Mixed Platforms.ActiveCfg = Debug|Any CPU
		{856E7C72-B0F2-4B9F-AE6E-140FE644CE32}.Debug|Mixed Platforms.Build.0 = Debug|Any CPU
		{856E7C72-B0F2-4B9F-AE6E-140FE644CE32}.Debug|x64.ActiveCfg = Debug|Any CPU
		{856E7C72-B0F2-4B9F-AE6E-140FE644CE32}.Debug|x86.ActiveCfg = Debug|Any CPU
		{856E7C72-B0F2-4B9F-AE6E-140FE644CE32}.Release|Any CPU.ActiveCfg = Release|Any CPU
		{856E7C72-B0F2-4B9F-AE6E-140FE644CE32}.Release|Any CPU.Build.0 = Release|Any CPU
		{856E7C72-B0F2-4B9F-AE6E-140FE644CE32}.Release|Mixed Platforms.ActiveCfg = Release|Any CPU
		{856E7C72-B0F2-4B9F-AE6E-140FE644CE32}.Release|Mixed Platforms.Build.0 = Release|Any CPU
		{856E7C72-B0F2-4B9F-AE6E-140FE644CE32}.Release|x64.ActiveCfg = Release|Any CPU
		{856E7C72-B0F2-4B9F-AE6E-140FE644CE32}.Release|x86.ActiveCfg = Release|Any CPU
		{BA72A1A5-F973-4427-9C05-68A7B5426173}.Debug|Any CPU.ActiveCfg = Debug|Any CPU
		{BA72A1A5-F973-4427-9C05-68A7B5426173}.Debug|Any CPU.Build.0 = Debug|Any CPU
		{BA72A1A5-F973-4427-9C05-68A7B5426173}.Debug|Mixed Platforms.ActiveCfg = Debug|Any CPU
		{BA72A1A5-F973-4427-9C05-68A7B5426173}.Debug|Mixed Platforms.Build.0 = Debug|Any CPU
		{BA72A1A5-F973-4427-9C05-68A7B5426173}.Debug|x64.ActiveCfg = Debug|Any CPU
		{BA72A1A5-F973-4427-9C05-68A7B5426173}.Debug|x86.ActiveCfg = Debug|Any CPU
		{BA72A1A5-F973-4427-9C05-68A7B5426173}.Release|Any CPU.ActiveCfg = Release|Any CPU
		{BA72A1A5-F973-4427-9C05-68A7B5426173}.Release|Any CPU.Build.0 = Release|Any CPU
		{BA72A1A5-F973-4427-9C05-68A7B5426173}.Release|Mixed Platforms.ActiveCfg = Release|Any CPU
		{BA72A1A5-F973-4427-9C05-68A7B5426173}.Release|Mixed Platforms.Build.0 = Release|Any CPU
		{BA72A1A5-F973-4427-9C05-68A7B5426173}.Release|x64.ActiveCfg = Release|Any CPU
		{BA72A1A5-F973-4427-9C05-68A7B5426173}.Release|x86.ActiveCfg = Release|Any CPU
	EndGlobalSection
	GlobalSection(SolutionProperties) = preSolution
		HideSolutionNode = FALSE
	EndGlobalSection
	GlobalSection(NestedProjects) = preSolution
		{0FCE0495-5DB8-444E-9769-D8CA34D6BAF5} = {8947977D-1815-40DF-B8F3-63DD37D3A726}
		{774530AE-48E7-43B7-A94C-2BB73731B30B} = {8947977D-1815-40DF-B8F3-63DD37D3A726}
		{E2852899-1FCF-4552-BE4B-A7EBB4C06FDC} = {8947977D-1815-40DF-B8F3-63DD37D3A726}
		{891BAC50-A5F8-4E4E-8BF5-08A90D764060} = {774530AE-48E7-43B7-A94C-2BB73731B30B}
		{A692797D-32EC-4735-BF3B-DB423DF62A85} = {774530AE-48E7-43B7-A94C-2BB73731B30B}
		{856E7C72-B0F2-4B9F-AE6E-140FE644CE32} = {E2852899-1FCF-4552-BE4B-A7EBB4C06FDC}
		{BA72A1A5-F973-4427-9C05-68A7B5426173} = {E2852899-1FCF-4552-BE4B-A7EBB4C06FDC}
	EndGlobalSection
	GlobalSection(MonoDevelopProperties) = preSolution
		StartupItem = FastSocket.SocketBase\FastSocket.SocketBase.csproj
	EndGlobalSection
EndGlobal
