
Microsoft Visual Studio Solution File, Format Version 12.00
# Visual Studio Express 2013 for Web
VisualStudioVersion = 12.0.21005.1
MinimumVisualStudioVersion = 10.0.40219.1
Project("{FAE04EC0-301F-11D3-BF4B-00C04F79EFBC}") = "FastSocket.SocketBase", "FastSocket.SocketBase\FastSocket.SocketBase.csproj", "{19AC13BD-92BD-4851-A38F-5642C1F97656}"
EndProject
Project("{FAE04EC0-301F-11D3-BF4B-00C04F79EFBC}") = "FastSocket.Server", "FastSocket.Server\FastSocket.Server.csproj", "{C9433CAD-5795-4735-8DA8-76BEC4C82A52}"
EndProject
Project("{FAE04EC0-301F-11D3-BF4B-00C04F79EFBC}") = "FastSocket.Client", "FastSocket.Client\FastSocket.Client.csproj", "{6684B382-4ADB-4073-A6DB-D1BAD1621AE5}"
EndProject
Project("{2150E333-8FDC-42A3-9474-1A3956D46DE8}") = "Samples", "Samples", "{D33B2FA5-7CA4-4614-90EB-D58589A67620}"
EndProject
Project("{2150E333-8FDC-42A3-9474-1A3956D46DE8}") = "QuickStart", "QuickStart", "{C0405C9A-EE3C-4BA0-ABCF-CD3D2E50EDE8}"
EndProject
Project("{FAE04EC0-301F-11D3-BF4B-00C04F79EFBC}") = "Server", "Samples\QuickStart\Server\Server.csproj", "{D7C3A95D-2E11-4781-8020-1A500A3060D9}"
EndProject
Project("{FAE04EC0-301F-11D3-BF4B-00C04F79EFBC}") = "Client", "Samples\QuickStart\Client\Client.csproj", "{8144640F-7505-4258-99DB-2E8F4B083D44}"
EndProject
Global
	GlobalSection(SolutionConfigurationPlatforms) = preSolution
		Debug|Any CPU = Debug|Any CPU
		Debug|Mixed Platforms = Debug|Mixed Platforms
		Debug|x64 = Debug|x64
		Debug|x86 = Debug|x86
		Release|Any CPU = Release|Any CPU
		Release|Mixed Platforms = Release|Mixed Platforms
		Release|x64 = Release|x64
		Release|x86 = Release|x86
	EndGlobalSection
	GlobalSection(ProjectConfigurationPlatforms) = postSolution
		{19AC13BD-92BD-4851-A38F-5642C1F97656}.Debug|Any CPU.ActiveCfg = Debug|Any CPU
		{19AC13BD-92BD-4851-A38F-5642C1F97656}.Debug|Any CPU.Build.0 = Debug|Any CPU
		{19AC13BD-92BD-4851-A38F-5642C1F97656}.Debug|Mixed Platforms.ActiveCfg = Debug|Any CPU
		{19AC13BD-92BD-4851-A38F-5642C1F97656}.Debug|Mixed Platforms.Build.0 = Debug|Any CPU
		{19AC13BD-92BD-4851-A38F-5642C1F97656}.Debug|x64.ActiveCfg = Debug|Any CPU
		{19AC13BD-92BD-4851-A38F-5642C1F97656}.Debug|x86.ActiveCfg = Debug|Any CPU
		{19AC13BD-92BD-4851-A38F-5642C1F97656}.Release|Any CPU.ActiveCfg = Release|Any CPU
		{19AC13BD-92BD-4851-A38F-5642C1F97656}.Release|Any CPU.Build.0 = Release|Any CPU
		{19AC13BD-92BD-4851-A38F-5642C1F97656}.Release|Mixed Platforms.ActiveCfg = Release|Any CPU
		{19AC13BD-92BD-4851-A38F-5642C1F97656}.Release|Mixed Platforms.Build.0 = Release|Any CPU
		{19AC13BD-92BD-4851-A38F-5642C1F97656}.Release|x64.ActiveCfg = Release|Any CPU
		{19AC13BD-92BD-4851-A38F-5642C1F97656}.Release|x86.ActiveCfg = Release|Any CPU
		{C9433CAD-5795-4735-8DA8-76BEC4C82A52}.Debug|Any CPU.ActiveCfg = Debug|Any CPU
		{C9433CAD-5795-4735-8DA8-76BEC4C82A52}.Debug|Any CPU.Build.0 = Debug|Any CPU
		{C9433CAD-5795-4735-8DA8-76BEC4C82A52}.Debug|Mixed Platforms.ActiveCfg = Debug|Any CPU
		{C9433CAD-5795-4735-8DA8-76BEC4C82A52}.Debug|Mixed Platforms.Build.0 = Debug|Any CPU
		{C9433CAD-5795-4735-8DA8-76BEC4C82A52}.Debug|x64.ActiveCfg = Debug|Any CPU
		{C9433CAD-5795-4735-8DA8-76BEC4C82A52}.Debug|x86.ActiveCfg = Debug|Any CPU
		{C9433CAD-5795-4735-8DA8-76BEC4C82A52}.Release|Any CPU.ActiveCfg = Release|Any CPU
		{C9433CAD-5795-4735-8DA8-76BEC4C82A52}.Release|Any CPU.Build.0 = Release|Any CPU
		{C9433CAD-5795-4735-8DA8-76BEC4C82A52}.Release|Mixed Platforms.ActiveCfg = Release|Any CPU
		{C9433CAD-5795-4735-8DA8-76BEC4C82A52}.Release|Mixed Platforms.Build.0 = Release|Any CPU
		{C9433CAD-5795-4735-8DA8-76BEC4C82A52}.Release|x64.ActiveCfg = Release|Any CPU
		{C9433CAD-5795-4735-8DA8-76BEC4C82A52}.Release|x86.ActiveCfg = Release|Any CPU
		{6684B382-4ADB-4073-A6DB-D1BAD1621AE5}.Debug|Any CPU.ActiveCfg = Debug|Any CPU
		{6684B382-4ADB-4073-A6DB-D1BAD1621AE5}.Debug|Any CPU.Build.0 = Debug|Any CPU
		{6684B382-4ADB-4073-A6DB-D1BAD1621AE5}.Debug|Mixed Platforms.ActiveCfg = Debug|Any CPU
		{6684B382-4ADB-4073-A6DB-D1BAD1621AE5}.Debug|Mixed Platforms.Build.0 = Debug|Any CPU
		{6684B382-4ADB-4073-A6DB-D1BAD1621AE5}.Debug|x64.ActiveCfg = Debug|Any CPU
		{6684B382-4ADB-4073-A6DB-D1BAD1621AE5}.Debug|x86.ActiveCfg = Debug|Any CPU
		{6684B382-4ADB-4073-A6DB-D1BAD1621AE5}.Release|Any CPU.ActiveCfg = Release|Any CPU
		{6684B382-4ADB-4073-A6DB-D1BAD1621AE5}.Release|Any CPU.Build.0 = Release|Any CPU
		{6684B382-4ADB-4073-A6DB-D1BAD1621AE5}.Release|Mixed Platforms.ActiveCfg = Release|Any CPU
		{6684B382-4ADB-4073-A6DB-D1BAD1621AE5}.Release|Mixed Platforms.Build.0 = Release|Any CPU
		{6684B382-4ADB-4073-A6DB-D1BAD1621AE5}.Release|x64.ActiveCfg = Release|Any CPU
		{6684B382-4ADB-4073-A6DB-D1BAD1621AE5}.Release|x86.ActiveCfg = Release|Any CPU
		{D7C3A95D-2E11-4781-8020-1A500A3060D9}.Debug|Any CPU.ActiveCfg = Debug|Any CPU
		{D7C3A95D-2E11-4781-8020-1A500A3060D9}.Debug|Any CPU.Build.0 = Debug|Any CPU
		{D7C3A95D-2E11-4781-8020-1A500A3060D9}.Debug|Mixed Platforms.ActiveCfg = Debug|Any CPU
		{D7C3A95D-2E11-4781-8020-1A500A3060D9}.Debug|Mixed Platforms.Build.0 = Debug|Any CPU
		{D7C3A95D-2E11-4781-8020-1A500A3060D9}.Debug|x64.ActiveCfg = Debug|Any CPU
		{D7C3A95D-2E11-4781-8020-1A500A3060D9}.Debug|x86.ActiveCfg = Debug|Any CPU
		{D7C3A95D-2E11-4781-8020-1A500A3060D9}.Release|Any CPU.ActiveCfg = Release|Any CPU
		{D7C3A95D-2E11-4781-8020-1A500A3060D9}.Release|Any CPU.Build.0 = Release|Any CPU
		{D7C3A95D-2E11-4781-8020-1A500A3060D9}.Release|Mixed Platforms.ActiveCfg = Release|Any CPU
		{D7C3A95D-2E11-4781-8020-1A500A3060D9}.Release|Mixed Platforms.Build.0 = Release|Any CPU
		{D7C3A95D-2E11-4781-8020-1A500A3060D9}.Release|x64.ActiveCfg = Release|Any CPU
		{D7C3A95D-2E11-4781-8020-1A500A3060D9}.Release|x86.ActiveCfg = Release|Any CPU
		{8144640F-7505-4258-99DB-2E8F4B083D44}.Debug|Any CPU.ActiveCfg = Debug|Any CPU
		{8144640F-7505-4258-99DB-2E8F4B083D44}.Debug|Any CPU.Build.0 = Debug|Any CPU
		{8144640F-7505-4258-99DB-2E8F4B083D44}.Debug|Mixed Platforms.ActiveCfg = Debug|Any CPU
		{8144640F-7505-4258-99DB-2E8F4B083D44}.Debug|Mixed Platforms.Build.0 = Debug|Any CPU
		{8144640F-7505-4258-99DB-2E8F4B083D44}.Debug|x64.ActiveCfg = Debug|Any CPU
		{8144640F-7505-4258-99DB-2E8F4B083D44}.Debug|x86.ActiveCfg = Debug|Any CPU
		{8144640F-7505-4258-99DB-2E8F4B083D44}.Release|Any CPU.ActiveCfg = Release|Any CPU
		{8144640F-7505-4258-99DB-2E8F4B083D44}.Release|Any CPU.Build.0 = Release|Any CPU
		{8144640F-7505-4258-99DB-2E8F4B083D44}.Release|Mixed Platforms.ActiveCfg = Release|Any CPU
		{8144640F-7505-4258-99DB-2E8F4B083D44}.Release|Mixed Platforms.Build.0 = Release|Any CPU
		{8144640F-7505-4258-99DB-2E8F4B083D44}.Release|x64.ActiveCfg = Release|Any CPU
		{8144640F-7505-4258-99DB-2E8F4B083D44}.Release|x86.ActiveCfg = Release|Any CPU
	EndGlobalSection
	GlobalSection(SolutionProperties) = preSolution
		HideSolutionNode = FALSE
	EndGlobalSection
	GlobalSection(NestedProjects) = preSolution
		{C0405C9A-EE3C-4BA0-ABCF-CD3D2E50EDE8} = {D33B2FA5-7CA4-4614-90EB-D58589A67620}
		{D7C3A95D-2E11-4781-8020-1A500A3060D9} = {C0405C9A-EE3C-4BA0-ABCF-CD3D2E50EDE8}
		{8144640F-7505-4258-99DB-2E8F4B083D44} = {C0405C9A-EE3C-4BA0-ABCF-CD3D2E50EDE8}
	EndGlobalSection
	GlobalSection(MonoDevelopProperties) = preSolution
		StartupItem = FastSocket.SocketBase\FastSocket.SocketBase.csproj
	EndGlobalSection
EndGlobal
